
Microsoft Visual Studio Solution File, Format Version 12.00
# Visual Studio Version 17
VisualStudioVersion = 17.14.36511.14 d17.14
MinimumVisualStudioVersion = 10.0.40219.1
Project("{FAE04EC0-301F-11D3-BF4B-00C04F79EFBC}") = "Blaze", "Blaze\Blaze.csproj", "{6B663933-4157-469F-AFC3-048B930CC852}"
EndProject
Global
	GlobalSection(SolutionConfigurationPlatforms) = preSolution
		Debug|Any CPU = Debug|Any CPU
		Release|Any CPU = Release|Any CPU
	EndGlobalSection
	GlobalSection(ProjectConfigurationPlatforms) = postSolution
		{6B663933-4157-469F-AFC3-048B930CC852}.Debug|Any CPU.ActiveCfg = Debug|Any CPU
		{6B663933-4157-469F-AFC3-048B930CC852}.Debug|Any CPU.Build.0 = Debug|Any CPU
		{6B663933-4157-469F-AFC3-048B930CC852}.Release|Any CPU.ActiveCfg = Release|Any CPU
		{6B663933-4157-469F-AFC3-048B930CC852}.Release|Any CPU.Build.0 = Release|Any CPU
	EndGlobalSection
	GlobalSection(SolutionProperties) = preSolution
		HideSolutionNode = FALSE
	EndGlobalSection
	GlobalSection(ExtensibilityGlobals) = postSolution
		SolutionGuid = {072E056B-8DFA-413D-A524-9EA2FE82C483}
	EndGlobalSection
EndGlobal
